
Microsoft Visual Studio Solution File, Format Version 12.00
# Visual Studio Version 17
VisualStudioVersion = 17.0.31903.59
MinimumVisualStudioVersion = 10.0.40219.1
Project("{FAE04EC0-301F-11D3-BF4B-00C04F79EFBC}") = "ScratchCards.Tests", "ScratchCards.Tests\ScratchCards.Tests.csproj", "{5EE7DEC4-587D-4133-920B-BBA36FDF1AEC}"
EndProject
Project("{FAE04EC0-301F-11D3-BF4B-00C04F79EFBC}") = "ScratchCards", "ScratchCards\ScratchCards.csproj", "{F1DBCA93-7085-4E47-8282-FC041B4F51EF}"
EndProject
Global
	GlobalSection(SolutionConfigurationPlatforms) = preSolution
		Debug|Any CPU = Debug|Any CPU
		Release|Any CPU = Release|Any CPU
	EndGlobalSection
	GlobalSection(SolutionProperties) = preSolution
		HideSolutionNode = FALSE
	EndGlobalSection
	GlobalSection(ProjectConfigurationPlatforms) = postSolution
		{5EE7DEC4-587D-4133-920B-BBA36FDF1AEC}.Debug|Any CPU.ActiveCfg = Debug|Any CPU
		{5EE7DEC4-587D-4133-920B-BBA36FDF1AEC}.Debug|Any CPU.Build.0 = Debug|Any CPU
		{5EE7DEC4-587D-4133-920B-BBA36FDF1AEC}.Release|Any CPU.ActiveCfg = Release|Any CPU
		{5EE7DEC4-587D-4133-920B-BBA36FDF1AEC}.Release|Any CPU.Build.0 = Release|Any CPU
		{F1DBCA93-7085-4E47-8282-FC041B4F51EF}.Debug|Any CPU.ActiveCfg = Debug|Any CPU
		{F1DBCA93-7085-4E47-8282-FC041B4F51EF}.Debug|Any CPU.Build.0 = Debug|Any CPU
		{F1DBCA93-7085-4E47-8282-FC041B4F51EF}.Release|Any CPU.ActiveCfg = Release|Any CPU
		{F1DBCA93-7085-4E47-8282-FC041B4F51EF}.Release|Any CPU.Build.0 = Release|Any CPU
	EndGlobalSection
EndGlobal
